{
  "name": "technorino-ext",
  "version": "1.0.0",
  "lockfileVersion": 2,
  "requires": true,
  "packages": {
    "": {
      "name": "technorino-ext",
      "version": "1.0.0",
      "license": "ISC",
      "devDependencies": {
        "chrome-types": "^0.1.144"
      }
    },
    "node_modules/chrome-types": {
      "version": "0.1.144",
      "resolved": "https://registry.npmjs.org/chrome-types/-/chrome-types-0.1.144.tgz",
      "integrity": "sha512-QHgqm24JWd56fBqZy8YSqfqxya/OF3INwQh/4C5B73LO+Ri/m3qLql9HvqalWu9owpSk3shh2TXMZSa8Wc0TcQ==",
      "dev": true
    }
  },
  "dependencies": {
    "chrome-types": {
      "version": "0.1.144",
      "resolved": "https://registry.npmjs.org/chrome-types/-/chrome-types-0.1.144.tgz",
      "integrity": "sha512-QHgqm24JWd56fBqZy8YSqfqxya/OF3INwQh/4C5B73LO+Ri/m3qLql9HvqalWu9owpSk3shh2TXMZSa8Wc0TcQ==",
      "dev": true
    }
  }
}
